
Microsoft Visual Studio Solution File, Format Version 12.00
# Visual Studio Version 17
VisualStudioVersion = 17.8.34525.116
MinimumVisualStudioVersion = 10.0.40219.1
Project("{FAE04EC0-301F-11D3-BF4B-00C04F79EFBC}") = "cigen", "cigen\cigen.csproj", "{2FCC66B9-E8EB-48F6-A4F0-C77170603E8D}"
EndProject
Global
	GlobalSection(SolutionConfigurationPlatforms) = preSolution
		Debug|Any CPU = Debug|Any CPU
		Release|Any CPU = Release|Any CPU
	EndGlobalSection
	GlobalSection(ProjectConfigurationPlatforms) = postSolution
		{2FCC66B9-E8EB-48F6-A4F0-C77170603E8D}.Debug|Any CPU.ActiveCfg = Debug|Any CPU
		{2FCC66B9-E8EB-48F6-A4F0-C77170603E8D}.Debug|Any CPU.Build.0 = Debug|Any CPU
		{2FCC66B9-E8EB-48F6-A4F0-C77170603E8D}.Release|Any CPU.ActiveCfg = Release|Any CPU
		{2FCC66B9-E8EB-48F6-A4F0-C77170603E8D}.Release|Any CPU.Build.0 = Release|Any CPU
	EndGlobalSection
	GlobalSection(SolutionProperties) = preSolution
		HideSolutionNode = FALSE
	EndGlobalSection
	GlobalSection(ExtensibilityGlobals) = postSolution
		SolutionGuid = {772FCF06-B723-4FCB-8235-6CC13D71DDF1}
	EndGlobalSection
EndGlobal
